
Microsoft Visual Studio Solution File, Format Version 12.00
# Visual Studio Version 16
VisualStudioVersion = 16.0.29306.81
MinimumVisualStudioVersion = 10.0.40219.1
Project("{FAE04EC0-301F-11D3-BF4B-00C04F79EFBC}") = "Server", "Server\Server.csproj", "{CACE41A2-CFC5-42D0-ACA2-E2468F61AFBE}"
EndProject
Project("{FAE04EC0-301F-11D3-BF4B-00C04F79EFBC}") = "Client", "Client\Client.csproj", "{53317B0C-1D0C-4B76-8A6A-42B67778635F}"
EndProject
Project("{FAE04EC0-301F-11D3-BF4B-00C04F79EFBC}") = "Common", "Common\Common.csproj", "{C2EF8370-02C3-456E-AE73-D2F74A00A978}"
EndProject
Global
	GlobalSection(SolutionConfigurationPlatforms) = preSolution
		Debug|Any CPU = Debug|Any CPU
		Release|Any CPU = Release|Any CPU
	EndGlobalSection
	GlobalSection(ProjectConfigurationPlatforms) = postSolution
		{CACE41A2-CFC5-42D0-ACA2-E2468F61AFBE}.Debug|Any CPU.ActiveCfg = Debug|Any CPU
		{CACE41A2-CFC5-42D0-ACA2-E2468F61AFBE}.Debug|Any CPU.Build.0 = Debug|Any CPU
		{CACE41A2-CFC5-42D0-ACA2-E2468F61AFBE}.Release|Any CPU.ActiveCfg = Release|Any CPU
		{CACE41A2-CFC5-42D0-ACA2-E2468F61AFBE}.Release|Any CPU.Build.0 = Release|Any CPU
		{53317B0C-1D0C-4B76-8A6A-42B67778635F}.Debug|Any CPU.ActiveCfg = Debug|Any CPU
		{53317B0C-1D0C-4B76-8A6A-42B67778635F}.Debug|Any CPU.Build.0 = Debug|Any CPU
		{53317B0C-1D0C-4B76-8A6A-42B67778635F}.Release|Any CPU.ActiveCfg = Release|Any CPU
		{53317B0C-1D0C-4B76-8A6A-42B67778635F}.Release|Any CPU.Build.0 = Release|Any CPU
		{C2EF8370-02C3-456E-AE73-D2F74A00A978}.Debug|Any CPU.ActiveCfg = Debug|Any CPU
		{C2EF8370-02C3-456E-AE73-D2F74A00A978}.Debug|Any CPU.Build.0 = Debug|Any CPU
		{C2EF8370-02C3-456E-AE73-D2F74A00A978}.Release|Any CPU.ActiveCfg = Release|Any CPU
		{C2EF8370-02C3-456E-AE73-D2F74A00A978}.Release|Any CPU.Build.0 = Release|Any CPU
	EndGlobalSection
	GlobalSection(SolutionProperties) = preSolution
		HideSolutionNode = FALSE
	EndGlobalSection
	GlobalSection(ExtensibilityGlobals) = postSolution
		SolutionGuid = {8D1B19DB-CF9A-475F-9AD4-EB9D3ABA3005}
	EndGlobalSection
EndGlobal
